
Microsoft Visual Studio Solution File, Format Version 12.00
# Visual Studio Version 17
VisualStudioVersion = 17.6.33712.159
MinimumVisualStudioVersion = 10.0.40219.1
Project("{FAE04EC0-301F-11D3-BF4B-00C04F79EFBC}") = "ArchitectArithmetic", "ArchitectArithmetic.csproj", "{7C4BFE15-215B-4C81-B367-6325A503D082}"
EndProject
Global
	GlobalSection(SolutionConfigurationPlatforms) = preSolution
		Debug|Any CPU = Debug|Any CPU
		Release|Any CPU = Release|Any CPU
	EndGlobalSection
	GlobalSection(ProjectConfigurationPlatforms) = postSolution
		{7C4BFE15-215B-4C81-B367-6325A503D082}.Debug|Any CPU.ActiveCfg = Debug|Any CPU
		{7C4BFE15-215B-4C81-B367-6325A503D082}.Debug|Any CPU.Build.0 = Debug|Any CPU
		{7C4BFE15-215B-4C81-B367-6325A503D082}.Release|Any CPU.ActiveCfg = Release|Any CPU
		{7C4BFE15-215B-4C81-B367-6325A503D082}.Release|Any CPU.Build.0 = Release|Any CPU
	EndGlobalSection
	GlobalSection(SolutionProperties) = preSolution
		HideSolutionNode = FALSE
	EndGlobalSection
	GlobalSection(ExtensibilityGlobals) = postSolution
		SolutionGuid = {F3428894-6E98-410A-9FEB-B54866D0F19E}
	EndGlobalSection
EndGlobal
