
Microsoft Visual Studio Solution File, Format Version 12.00
# Visual Studio Version 17
VisualStudioVersion = 17.6.33712.159
MinimumVisualStudioVersion = 10.0.40219.1
Project("{FAE04EC0-301F-11D3-BF4B-00C04F79EFBC}") = "PasswordChecker", "PasswordChecker.csproj", "{8C8E632C-EABA-41FF-8ECE-8FAE2860F79C}"
EndProject
Global
	GlobalSection(SolutionConfigurationPlatforms) = preSolution
		Debug|Any CPU = Debug|Any CPU
		Release|Any CPU = Release|Any CPU
	EndGlobalSection
	GlobalSection(ProjectConfigurationPlatforms) = postSolution
		{8C8E632C-EABA-41FF-8ECE-8FAE2860F79C}.Debug|Any CPU.ActiveCfg = Debug|Any CPU
		{8C8E632C-EABA-41FF-8ECE-8FAE2860F79C}.Debug|Any CPU.Build.0 = Debug|Any CPU
		{8C8E632C-EABA-41FF-8ECE-8FAE2860F79C}.Release|Any CPU.ActiveCfg = Release|Any CPU
		{8C8E632C-EABA-41FF-8ECE-8FAE2860F79C}.Release|Any CPU.Build.0 = Release|Any CPU
	EndGlobalSection
	GlobalSection(SolutionProperties) = preSolution
		HideSolutionNode = FALSE
	EndGlobalSection
	GlobalSection(ExtensibilityGlobals) = postSolution
		SolutionGuid = {5D81461F-3BD9-4B4F-BB16-F4C5DA571545}
	EndGlobalSection
EndGlobal
